
Microsoft Visual Studio Solution File, Format Version 12.00
# Visual Studio Version 17
VisualStudioVersion = 17.7.34221.43
MinimumVisualStudioVersion = 10.0.40219.1
Project("{FAE04EC0-301F-11D3-BF4B-00C04F79EFBC}") = "ThreadPriority(Midterm)(3rdYear)", "ThreadPriority(Midterm)(3rdYear)\ThreadPriority(Midterm)(3rdYear).csproj", "{3CC3BD33-99E2-49D1-B32F-55E68018D650}"
EndProject
Global
	GlobalSection(SolutionConfigurationPlatforms) = preSolution
		Debug|Any CPU = Debug|Any CPU
		Release|Any CPU = Release|Any CPU
	EndGlobalSection
	GlobalSection(ProjectConfigurationPlatforms) = postSolution
		{3CC3BD33-99E2-49D1-B32F-55E68018D650}.Debug|Any CPU.ActiveCfg = Debug|Any CPU
		{3CC3BD33-99E2-49D1-B32F-55E68018D650}.Debug|Any CPU.Build.0 = Debug|Any CPU
		{3CC3BD33-99E2-49D1-B32F-55E68018D650}.Release|Any CPU.ActiveCfg = Release|Any CPU
		{3CC3BD33-99E2-49D1-B32F-55E68018D650}.Release|Any CPU.Build.0 = Release|Any CPU
	EndGlobalSection
	GlobalSection(SolutionProperties) = preSolution
		HideSolutionNode = FALSE
	EndGlobalSection
	GlobalSection(ExtensibilityGlobals) = postSolution
		SolutionGuid = {B137425D-1FC3-4E34-BF0A-B7AF218D916F}
	EndGlobalSection
EndGlobal
